
Microsoft Visual Studio Solution File, Format Version 12.00
# Visual Studio 15
VisualStudioVersion = 15.0.27130.2027
MinimumVisualStudioVersion = 10.0.40219.1
Project("{9A19103F-16F7-4668-BE54-9A1E7A4F7556}") = "Kevsoft.Battleship.Game", "src\Kevsoft.Battleship.Game\Kevsoft.Battleship.Game.csproj", "{3975F18F-E295-47CC-8DA9-7B142AAFE918}"
EndProject
Project("{9A19103F-16F7-4668-BE54-9A1E7A4F7556}") = "Kevsoft.Battleship.Game.FunctionalTests", "test\Kevsoft.Battleship.Game.FunctionalTests\Kevsoft.Battleship.Game.FunctionalTests.csproj", "{D79228B1-CFE4-4BCE-9D82-91A6E494CB17}"
EndProject
Project("{9A19103F-16F7-4668-BE54-9A1E7A4F7556}") = "Kevsoft.Battleship.Game.Tests", "test\Kevsoft.Battleship.Game.Tests\Kevsoft.Battleship.Game.Tests.csproj", "{E131B305-05FF-4D82-8087-32CB486044F8}"
EndProject
Project("{FAE04EC0-301F-11D3-BF4B-00C04F79EFBC}") = "Kevsoft.Battleship.ConsoleApp", "src\Kevsoft.Battleship.ConsoleApp\Kevsoft.Battleship.ConsoleApp.csproj", "{3154876A-7A51-4764-B7D2-2467A2E51278}"
EndProject
Project("{FAE04EC0-301F-11D3-BF4B-00C04F79EFBC}") = "Kevsoft.Battleship.ConsoleApp.Tests", "test\Kevsoft.Battleship.ConsoleApp.Tests\Kevsoft.Battleship.ConsoleApp.Tests.csproj", "{CA43173C-5413-431B-90CC-C5107B917186}"
EndProject
Global
	GlobalSection(SolutionConfigurationPlatforms) = preSolution
		Debug|Any CPU = Debug|Any CPU
		Release|Any CPU = Release|Any CPU
	EndGlobalSection
	GlobalSection(ProjectConfigurationPlatforms) = postSolution
		{3975F18F-E295-47CC-8DA9-7B142AAFE918}.Debug|Any CPU.ActiveCfg = Debug|Any CPU
		{3975F18F-E295-47CC-8DA9-7B142AAFE918}.Debug|Any CPU.Build.0 = Debug|Any CPU
		{3975F18F-E295-47CC-8DA9-7B142AAFE918}.Release|Any CPU.ActiveCfg = Release|Any CPU
		{3975F18F-E295-47CC-8DA9-7B142AAFE918}.Release|Any CPU.Build.0 = Release|Any CPU
		{D79228B1-CFE4-4BCE-9D82-91A6E494CB17}.Debug|Any CPU.ActiveCfg = Debug|Any CPU
		{D79228B1-CFE4-4BCE-9D82-91A6E494CB17}.Debug|Any CPU.Build.0 = Debug|Any CPU
		{D79228B1-CFE4-4BCE-9D82-91A6E494CB17}.Release|Any CPU.ActiveCfg = Release|Any CPU
		{D79228B1-CFE4-4BCE-9D82-91A6E494CB17}.Release|Any CPU.Build.0 = Release|Any CPU
		{E131B305-05FF-4D82-8087-32CB486044F8}.Debug|Any CPU.ActiveCfg = Debug|Any CPU
		{E131B305-05FF-4D82-8087-32CB486044F8}.Debug|Any CPU.Build.0 = Debug|Any CPU
		{E131B305-05FF-4D82-8087-32CB486044F8}.Release|Any CPU.ActiveCfg = Release|Any CPU
		{E131B305-05FF-4D82-8087-32CB486044F8}.Release|Any CPU.Build.0 = Release|Any CPU
		{3154876A-7A51-4764-B7D2-2467A2E51278}.Debug|Any CPU.ActiveCfg = Debug|Any CPU
		{3154876A-7A51-4764-B7D2-2467A2E51278}.Debug|Any CPU.Build.0 = Debug|Any CPU
		{3154876A-7A51-4764-B7D2-2467A2E51278}.Release|Any CPU.ActiveCfg = Release|Any CPU
		{3154876A-7A51-4764-B7D2-2467A2E51278}.Release|Any CPU.Build.0 = Release|Any CPU
		{CA43173C-5413-431B-90CC-C5107B917186}.Debug|Any CPU.ActiveCfg = Debug|Any CPU
		{CA43173C-5413-431B-90CC-C5107B917186}.Debug|Any CPU.Build.0 = Debug|Any CPU
		{CA43173C-5413-431B-90CC-C5107B917186}.Release|Any CPU.ActiveCfg = Release|Any CPU
		{CA43173C-5413-431B-90CC-C5107B917186}.Release|Any CPU.Build.0 = Release|Any CPU
	EndGlobalSection
	GlobalSection(SolutionProperties) = preSolution
		HideSolutionNode = FALSE
	EndGlobalSection
	GlobalSection(ExtensibilityGlobals) = postSolution
		SolutionGuid = {ECC1F151-4E60-4B7A-8C27-26B280F5C5CF}
	EndGlobalSection
EndGlobal
